
Microsoft Visual Studio Solution File, Format Version 12.00
# Visual Studio Version 16
VisualStudioVersion = 16.0.31205.134
MinimumVisualStudioVersion = 10.0.40219.1
Project("{FAE04EC0-301F-11D3-BF4B-00C04F79EFBC}") = "MetricsManager", "MetricsManager\MetricsManager.csproj", "{1F594237-49FD-4905-920F-8F1225216360}"
EndProject
Project("{FAE04EC0-301F-11D3-BF4B-00C04F79EFBC}") = "MetricsManagerTests", "MetricsManagerTests\MetricsManagerTests.csproj", "{83C0FB84-9781-48A2-87DE-21FEDCA24C3B}"
EndProject
Project("{FAE04EC0-301F-11D3-BF4B-00C04F79EFBC}") = "MetricsAgent", "MetricsAgent\MetricsAgent.csproj", "{F427E5F3-F344-4F37-80DB-C51C1EEADDE6}"
EndProject
Project("{FAE04EC0-301F-11D3-BF4B-00C04F79EFBC}") = "MetricsAgentTests", "MetricsAgentTests\MetricsAgentTests.csproj", "{1A8326CC-0788-4AFA-8904-70166789B6C6}"
EndProject
Global
	GlobalSection(SolutionConfigurationPlatforms) = preSolution
		Debug|Any CPU = Debug|Any CPU
		Release|Any CPU = Release|Any CPU
	EndGlobalSection
	GlobalSection(ProjectConfigurationPlatforms) = postSolution
		{1F594237-49FD-4905-920F-8F1225216360}.Debug|Any CPU.ActiveCfg = Debug|Any CPU
		{1F594237-49FD-4905-920F-8F1225216360}.Debug|Any CPU.Build.0 = Debug|Any CPU
		{1F594237-49FD-4905-920F-8F1225216360}.Release|Any CPU.ActiveCfg = Release|Any CPU
		{1F594237-49FD-4905-920F-8F1225216360}.Release|Any CPU.Build.0 = Release|Any CPU
		{83C0FB84-9781-48A2-87DE-21FEDCA24C3B}.Debug|Any CPU.ActiveCfg = Debug|Any CPU
		{83C0FB84-9781-48A2-87DE-21FEDCA24C3B}.Debug|Any CPU.Build.0 = Debug|Any CPU
		{83C0FB84-9781-48A2-87DE-21FEDCA24C3B}.Release|Any CPU.ActiveCfg = Release|Any CPU
		{83C0FB84-9781-48A2-87DE-21FEDCA24C3B}.Release|Any CPU.Build.0 = Release|Any CPU
		{F427E5F3-F344-4F37-80DB-C51C1EEADDE6}.Debug|Any CPU.ActiveCfg = Debug|Any CPU
		{F427E5F3-F344-4F37-80DB-C51C1EEADDE6}.Debug|Any CPU.Build.0 = Debug|Any CPU
		{F427E5F3-F344-4F37-80DB-C51C1EEADDE6}.Release|Any CPU.ActiveCfg = Release|Any CPU
		{F427E5F3-F344-4F37-80DB-C51C1EEADDE6}.Release|Any CPU.Build.0 = Release|Any CPU
		{1A8326CC-0788-4AFA-8904-70166789B6C6}.Debug|Any CPU.ActiveCfg = Debug|Any CPU
		{1A8326CC-0788-4AFA-8904-70166789B6C6}.Debug|Any CPU.Build.0 = Debug|Any CPU
		{1A8326CC-0788-4AFA-8904-70166789B6C6}.Release|Any CPU.ActiveCfg = Release|Any CPU
		{1A8326CC-0788-4AFA-8904-70166789B6C6}.Release|Any CPU.Build.0 = Release|Any CPU
	EndGlobalSection
	GlobalSection(SolutionProperties) = preSolution
		HideSolutionNode = FALSE
	EndGlobalSection
	GlobalSection(ExtensibilityGlobals) = postSolution
		SolutionGuid = {B9FF9871-7009-4F25-89EA-F5AA62FB17BE}
	EndGlobalSection
EndGlobal
